
Microsoft Visual Studio Solution File, Format Version 12.00
# Visual Studio Version 17
VisualStudioVersion = 17.1.32328.378
MinimumVisualStudioVersion = 10.0.40219.1
Project("{FAE04EC0-301F-11D3-BF4B-00C04F79EFBC}") = "DemoWPF", "DemoWPF\DemoWPF.csproj", "{D06221C2-489A-4D15-AFC5-9F1F7CEED2EF}"
EndProject
Global
	GlobalSection(SolutionConfigurationPlatforms) = preSolution
		Debug|Any CPU = Debug|Any CPU
		Release|Any CPU = Release|Any CPU
	EndGlobalSection
	GlobalSection(ProjectConfigurationPlatforms) = postSolution
		{D06221C2-489A-4D15-AFC5-9F1F7CEED2EF}.Debug|Any CPU.ActiveCfg = Debug|Any CPU
		{D06221C2-489A-4D15-AFC5-9F1F7CEED2EF}.Debug|Any CPU.Build.0 = Debug|Any CPU
		{D06221C2-489A-4D15-AFC5-9F1F7CEED2EF}.Release|Any CPU.ActiveCfg = Release|Any CPU
		{D06221C2-489A-4D15-AFC5-9F1F7CEED2EF}.Release|Any CPU.Build.0 = Release|Any CPU
	EndGlobalSection
	GlobalSection(SolutionProperties) = preSolution
		HideSolutionNode = FALSE
	EndGlobalSection
	GlobalSection(ExtensibilityGlobals) = postSolution
		SolutionGuid = {3AD90204-94E0-488F-8AFF-953C6D659495}
	EndGlobalSection
EndGlobal
